
Microsoft Visual Studio Solution File, Format Version 12.00
# Visual Studio Version 16
VisualStudioVersion = 16.0.29613.14
MinimumVisualStudioVersion = 10.0.40219.1
Project("{2150E333-8FDC-42A3-9474-1A3956D46DE8}") = "src", "src", "{5781BC81-9B2B-4263-9EF6-CE057DE4845A}"
EndProject
Project("{2150E333-8FDC-42A3-9474-1A3956D46DE8}") = "Services", "Services", "{8E796692-6660-4EA8-A1EB-67092F859057}"
EndProject
Project("{2150E333-8FDC-42A3-9474-1A3956D46DE8}") = "Clients", "Clients", "{B3653BC9-5658-4C2D-8CCD-F851A8A6D55D}"
EndProject
Project("{2150E333-8FDC-42A3-9474-1A3956D46DE8}") = "Order", "Order", "{A5822C0C-D6C8-46C4-B550-95FFA6A667C6}"
EndProject
Project("{2150E333-8FDC-42A3-9474-1A3956D46DE8}") = "Product", "Product", "{1F9D0712-9913-43FF-88B5-0A0EFCA1F723}"
EndProject
Project("{2150E333-8FDC-42A3-9474-1A3956D46DE8}") = "Web", "Web", "{22F7A0EB-BF80-4FEB-8FB6-CD264444CFE0}"
EndProject
Project("{9A19103F-16F7-4668-BE54-9A1E7A4F7556}") = "Order.API", "Order.API\Order.API.csproj", "{1F70BFDC-652C-452A-BC5E-25AA215FACD2}"
EndProject
Project("{9A19103F-16F7-4668-BE54-9A1E7A4F7556}") = "Product.API", "Product.API\Product.API.csproj", "{E462F972-18A2-4221-A78A-CEFD359FB252}"
EndProject
Project("{FAE04EC0-301F-11D3-BF4B-00C04F79EFBC}") = "Web.MVC", "Web.MVC\Web.MVC.csproj", "{BE1419CF-C093-41ED-AED0-54EDB8024623}"
EndProject
Global
	GlobalSection(SolutionConfigurationPlatforms) = preSolution
		Debug|Any CPU = Debug|Any CPU
		Release|Any CPU = Release|Any CPU
	EndGlobalSection
	GlobalSection(ProjectConfigurationPlatforms) = postSolution
		{1F70BFDC-652C-452A-BC5E-25AA215FACD2}.Debug|Any CPU.ActiveCfg = Debug|Any CPU
		{1F70BFDC-652C-452A-BC5E-25AA215FACD2}.Debug|Any CPU.Build.0 = Debug|Any CPU
		{1F70BFDC-652C-452A-BC5E-25AA215FACD2}.Release|Any CPU.ActiveCfg = Release|Any CPU
		{1F70BFDC-652C-452A-BC5E-25AA215FACD2}.Release|Any CPU.Build.0 = Release|Any CPU
		{E462F972-18A2-4221-A78A-CEFD359FB252}.Debug|Any CPU.ActiveCfg = Debug|Any CPU
		{E462F972-18A2-4221-A78A-CEFD359FB252}.Debug|Any CPU.Build.0 = Debug|Any CPU
		{E462F972-18A2-4221-A78A-CEFD359FB252}.Release|Any CPU.ActiveCfg = Release|Any CPU
		{E462F972-18A2-4221-A78A-CEFD359FB252}.Release|Any CPU.Build.0 = Release|Any CPU
		{BE1419CF-C093-41ED-AED0-54EDB8024623}.Debug|Any CPU.ActiveCfg = Debug|Any CPU
		{BE1419CF-C093-41ED-AED0-54EDB8024623}.Debug|Any CPU.Build.0 = Debug|Any CPU
		{BE1419CF-C093-41ED-AED0-54EDB8024623}.Release|Any CPU.ActiveCfg = Release|Any CPU
		{BE1419CF-C093-41ED-AED0-54EDB8024623}.Release|Any CPU.Build.0 = Release|Any CPU
	EndGlobalSection
	GlobalSection(SolutionProperties) = preSolution
		HideSolutionNode = FALSE
	EndGlobalSection
	GlobalSection(NestedProjects) = preSolution
		{8E796692-6660-4EA8-A1EB-67092F859057} = {5781BC81-9B2B-4263-9EF6-CE057DE4845A}
		{B3653BC9-5658-4C2D-8CCD-F851A8A6D55D} = {5781BC81-9B2B-4263-9EF6-CE057DE4845A}
		{A5822C0C-D6C8-46C4-B550-95FFA6A667C6} = {8E796692-6660-4EA8-A1EB-67092F859057}
		{1F9D0712-9913-43FF-88B5-0A0EFCA1F723} = {8E796692-6660-4EA8-A1EB-67092F859057}
		{22F7A0EB-BF80-4FEB-8FB6-CD264444CFE0} = {B3653BC9-5658-4C2D-8CCD-F851A8A6D55D}
		{1F70BFDC-652C-452A-BC5E-25AA215FACD2} = {A5822C0C-D6C8-46C4-B550-95FFA6A667C6}
		{E462F972-18A2-4221-A78A-CEFD359FB252} = {1F9D0712-9913-43FF-88B5-0A0EFCA1F723}
		{BE1419CF-C093-41ED-AED0-54EDB8024623} = {22F7A0EB-BF80-4FEB-8FB6-CD264444CFE0}
	EndGlobalSection
	GlobalSection(ExtensibilityGlobals) = postSolution
		SolutionGuid = {B1C5C176-9628-47BD-8592-BF6C734E707B}
	EndGlobalSection
EndGlobal
